
Microsoft Visual Studio Solution File, Format Version 12.00
Project("{FAE04EC0-301F-11D3-BF4B-00C04F79EFBC}") = "Blog.Api", "Blog.Api\Blog.Api.csproj", "{062473A3-5BA3-4C0E-AB27-D64CE31C37EF}"
EndProject
Global
	GlobalSection(SolutionConfigurationPlatforms) = preSolution
		Debug|Any CPU = Debug|Any CPU
		Release|Any CPU = Release|Any CPU
	EndGlobalSection
	GlobalSection(ProjectConfigurationPlatforms) = postSolution
		{062473A3-5BA3-4C0E-AB27-D64CE31C37EF}.Debug|Any CPU.ActiveCfg = Debug|Any CPU
		{062473A3-5BA3-4C0E-AB27-D64CE31C37EF}.Debug|Any CPU.Build.0 = Debug|Any CPU
		{062473A3-5BA3-4C0E-AB27-D64CE31C37EF}.Release|Any CPU.ActiveCfg = Release|Any CPU
		{062473A3-5BA3-4C0E-AB27-D64CE31C37EF}.Release|Any CPU.Build.0 = Release|Any CPU
	EndGlobalSection
EndGlobal
